{
  "object": {
    "pins": [
      {
        "package": "RandomAccessCollectionBinarySearch",
        "repositoryURL": "https://github.com/wltrup/RandomAccessCollectionBinarySearch.git",
        "state": {
          "branch": null,
          "revision": "de9f427a7587e6ce00ba63b67c8346e14769ec0d",
          "version": "0.1.0"
        }
      }
    ]
  },
  "version": 1
}
